
Microsoft Visual Studio Solution File, Format Version 12.00
# Visual Studio Version 16
VisualStudioVersion = 16.0.31313.79
MinimumVisualStudioVersion = 10.0.40219.1
Project("{9A19103F-16F7-4668-BE54-9A1E7A4F7556}") = "Client", "OneToOne\Client\Client.csproj", "{F2E11897-C741-454B-82F6-D76CDAE4D8C4}"
EndProject
Project("{9A19103F-16F7-4668-BE54-9A1E7A4F7556}") = "Server", "OneToOne\Server\Server.csproj", "{D270F38A-2C36-4BD7-90D4-9286C192FD47}"
EndProject
Project("{2150E333-8FDC-42A3-9474-1A3956D46DE8}") = "OneToOne", "OneToOne", "{6D4715DE-5FAD-44AA-B5C6-DA9F4D2C2CDB}"
EndProject
Project("{2150E333-8FDC-42A3-9474-1A3956D46DE8}") = "OneToMany", "OneToMany", "{AA4A7E0E-9F09-4291-B886-2F3E493D8D1D}"
EndProject
Project("{9A19103F-16F7-4668-BE54-9A1E7A4F7556}") = "Server", "OneToMany\Server\Server.csproj", "{2D104DE6-9667-41AD-9FFB-F6EDE99A23FF}"
EndProject
Project("{9A19103F-16F7-4668-BE54-9A1E7A4F7556}") = "Client", "OneToMany\Client\Client.csproj", "{934687E9-FD26-4F1F-8664-E956055EBC5B}"
EndProject
Global
	GlobalSection(SolutionConfigurationPlatforms) = preSolution
		Debug|Any CPU = Debug|Any CPU
		Release|Any CPU = Release|Any CPU
	EndGlobalSection
	GlobalSection(ProjectConfigurationPlatforms) = postSolution
		{F2E11897-C741-454B-82F6-D76CDAE4D8C4}.Debug|Any CPU.ActiveCfg = Debug|Any CPU
		{F2E11897-C741-454B-82F6-D76CDAE4D8C4}.Debug|Any CPU.Build.0 = Debug|Any CPU
		{F2E11897-C741-454B-82F6-D76CDAE4D8C4}.Release|Any CPU.ActiveCfg = Release|Any CPU
		{F2E11897-C741-454B-82F6-D76CDAE4D8C4}.Release|Any CPU.Build.0 = Release|Any CPU
		{D270F38A-2C36-4BD7-90D4-9286C192FD47}.Debug|Any CPU.ActiveCfg = Debug|Any CPU
		{D270F38A-2C36-4BD7-90D4-9286C192FD47}.Debug|Any CPU.Build.0 = Debug|Any CPU
		{D270F38A-2C36-4BD7-90D4-9286C192FD47}.Release|Any CPU.ActiveCfg = Release|Any CPU
		{D270F38A-2C36-4BD7-90D4-9286C192FD47}.Release|Any CPU.Build.0 = Release|Any CPU
		{2D104DE6-9667-41AD-9FFB-F6EDE99A23FF}.Debug|Any CPU.ActiveCfg = Debug|Any CPU
		{2D104DE6-9667-41AD-9FFB-F6EDE99A23FF}.Debug|Any CPU.Build.0 = Debug|Any CPU
		{2D104DE6-9667-41AD-9FFB-F6EDE99A23FF}.Release|Any CPU.ActiveCfg = Release|Any CPU
		{2D104DE6-9667-41AD-9FFB-F6EDE99A23FF}.Release|Any CPU.Build.0 = Release|Any CPU
		{934687E9-FD26-4F1F-8664-E956055EBC5B}.Debug|Any CPU.ActiveCfg = Debug|Any CPU
		{934687E9-FD26-4F1F-8664-E956055EBC5B}.Debug|Any CPU.Build.0 = Debug|Any CPU
		{934687E9-FD26-4F1F-8664-E956055EBC5B}.Release|Any CPU.ActiveCfg = Release|Any CPU
		{934687E9-FD26-4F1F-8664-E956055EBC5B}.Release|Any CPU.Build.0 = Release|Any CPU
	EndGlobalSection
	GlobalSection(SolutionProperties) = preSolution
		HideSolutionNode = FALSE
	EndGlobalSection
	GlobalSection(NestedProjects) = preSolution
		{F2E11897-C741-454B-82F6-D76CDAE4D8C4} = {6D4715DE-5FAD-44AA-B5C6-DA9F4D2C2CDB}
		{D270F38A-2C36-4BD7-90D4-9286C192FD47} = {6D4715DE-5FAD-44AA-B5C6-DA9F4D2C2CDB}
		{2D104DE6-9667-41AD-9FFB-F6EDE99A23FF} = {AA4A7E0E-9F09-4291-B886-2F3E493D8D1D}
		{934687E9-FD26-4F1F-8664-E956055EBC5B} = {AA4A7E0E-9F09-4291-B886-2F3E493D8D1D}
	EndGlobalSection
	GlobalSection(ExtensibilityGlobals) = postSolution
		SolutionGuid = {AF97A64E-009E-4BE8-B8EF-43FE2BA0C4C4}
	EndGlobalSection
EndGlobal
