
Microsoft Visual Studio Solution File, Format Version 12.00
# Visual Studio Version 17
VisualStudioVersion = 17.0.31512.422
MinimumVisualStudioVersion = 10.0.40219.1
Project("{9A19103F-16F7-4668-BE54-9A1E7A4F7556}") = "Client", "Socket\OneToOne\Client\Client.csproj", "{F2E11897-C741-454B-82F6-D76CDAE4D8C4}"
EndProject
Project("{9A19103F-16F7-4668-BE54-9A1E7A4F7556}") = "Server", "Socket\OneToOne\Server\Server.csproj", "{D270F38A-2C36-4BD7-90D4-9286C192FD47}"
EndProject
Project("{2150E333-8FDC-42A3-9474-1A3956D46DE8}") = "OneToOne", "OneToOne", "{6D4715DE-5FAD-44AA-B5C6-DA9F4D2C2CDB}"
EndProject
Project("{2150E333-8FDC-42A3-9474-1A3956D46DE8}") = "OneToMany", "OneToMany", "{AA4A7E0E-9F09-4291-B886-2F3E493D8D1D}"
EndProject
Project("{9A19103F-16F7-4668-BE54-9A1E7A4F7556}") = "Server", "Socket\OneToMany\Server\Server.csproj", "{2D104DE6-9667-41AD-9FFB-F6EDE99A23FF}"
EndProject
Project("{9A19103F-16F7-4668-BE54-9A1E7A4F7556}") = "Client", "Socket\OneToMany\Client\Client.csproj", "{934687E9-FD26-4F1F-8664-E956055EBC5B}"
EndProject
Project("{2150E333-8FDC-42A3-9474-1A3956D46DE8}") = "OnewayOneToOne", "OnewayOneToOne", "{E33F869B-63D7-4B2C-8AB0-593092A84238}"
EndProject
Project("{9A19103F-16F7-4668-BE54-9A1E7A4F7556}") = "Client", "Socket\OnewayOneToOne\Client\Client.csproj", "{43F3C89D-3831-4C87-8A6C-65648695BE53}"
EndProject
Project("{9A19103F-16F7-4668-BE54-9A1E7A4F7556}") = "Server", "Socket\OnewayOneToOne\Server\Server.csproj", "{7264FB8A-19B5-4227-95E4-2D5F49D1CF0A}"
EndProject
Project("{2150E333-8FDC-42A3-9474-1A3956D46DE8}") = "Socket", "Socket", "{C36EE7D7-2200-4E2C-8308-CE23DAC4DC60}"
EndProject
Project("{2150E333-8FDC-42A3-9474-1A3956D46DE8}") = "TCP", "TCP", "{9D20F1E5-F86D-4A90-9880-D82BBE7F325C}"
EndProject
Project("{2150E333-8FDC-42A3-9474-1A3956D46DE8}") = "OneToOne", "OneToOne", "{DACF3C21-7DDA-4C6B-9EBB-3B694DA08E76}"
EndProject
Project("{9A19103F-16F7-4668-BE54-9A1E7A4F7556}") = "Client", "TCP\OneToOne\Client\Client.csproj", "{8D1A9F99-954C-46D8-A889-EE3E51243F8E}"
EndProject
Project("{9A19103F-16F7-4668-BE54-9A1E7A4F7556}") = "Server", "TCP\OneToOne\Server\Server.csproj", "{177A4FEA-62D1-4EB9-B017-1A83B30B9629}"
EndProject
Project("{2150E333-8FDC-42A3-9474-1A3956D46DE8}") = "Solution Items", "Solution Items", "{245F2C47-1D24-444B-A9EB-05172EDCA9EF}"
	ProjectSection(SolutionItems) = preProject
		.editorconfig = .editorconfig
	EndProjectSection
EndProject
Project("{2150E333-8FDC-42A3-9474-1A3956D46DE8}") = "OneToMany", "OneToMany", "{46B08628-58A6-4363-A848-42EF12848BD5}"
EndProject
Project("{9A19103F-16F7-4668-BE54-9A1E7A4F7556}") = "Client", "TCP\OneToMany\Client\Client.csproj", "{1C13F61C-BDB2-40A2-BFAF-FE2D5FF8F113}"
EndProject
Project("{9A19103F-16F7-4668-BE54-9A1E7A4F7556}") = "Server", "TCP\OneToMany\Server\Server.csproj", "{0824EFE8-CCC0-426B-8A07-C357893869CD}"
EndProject
Project("{2150E333-8FDC-42A3-9474-1A3956D46DE8}") = "OnewayOneToOne", "OnewayOneToOne", "{D64C92E6-1162-4B31-A02C-94249989CF55}"
EndProject
Project("{9A19103F-16F7-4668-BE54-9A1E7A4F7556}") = "Client", "TCP\OnewayOneToOne\Client\Client.csproj", "{E19A29EB-5269-4090-81FC-DBC8EE947B86}"
EndProject
Project("{9A19103F-16F7-4668-BE54-9A1E7A4F7556}") = "Server", "TCP\OnewayOneToOne\Server\Server.csproj", "{3352AD15-FB78-46FE-A1EC-64D9B35E0967}"
EndProject
Global
	GlobalSection(SolutionConfigurationPlatforms) = preSolution
		Debug|Any CPU = Debug|Any CPU
		Release|Any CPU = Release|Any CPU
	EndGlobalSection
	GlobalSection(ProjectConfigurationPlatforms) = postSolution
		{F2E11897-C741-454B-82F6-D76CDAE4D8C4}.Debug|Any CPU.ActiveCfg = Debug|Any CPU
		{F2E11897-C741-454B-82F6-D76CDAE4D8C4}.Debug|Any CPU.Build.0 = Debug|Any CPU
		{F2E11897-C741-454B-82F6-D76CDAE4D8C4}.Release|Any CPU.ActiveCfg = Release|Any CPU
		{F2E11897-C741-454B-82F6-D76CDAE4D8C4}.Release|Any CPU.Build.0 = Release|Any CPU
		{D270F38A-2C36-4BD7-90D4-9286C192FD47}.Debug|Any CPU.ActiveCfg = Debug|Any CPU
		{D270F38A-2C36-4BD7-90D4-9286C192FD47}.Debug|Any CPU.Build.0 = Debug|Any CPU
		{D270F38A-2C36-4BD7-90D4-9286C192FD47}.Release|Any CPU.ActiveCfg = Release|Any CPU
		{D270F38A-2C36-4BD7-90D4-9286C192FD47}.Release|Any CPU.Build.0 = Release|Any CPU
		{2D104DE6-9667-41AD-9FFB-F6EDE99A23FF}.Debug|Any CPU.ActiveCfg = Debug|Any CPU
		{2D104DE6-9667-41AD-9FFB-F6EDE99A23FF}.Debug|Any CPU.Build.0 = Debug|Any CPU
		{2D104DE6-9667-41AD-9FFB-F6EDE99A23FF}.Release|Any CPU.ActiveCfg = Release|Any CPU
		{2D104DE6-9667-41AD-9FFB-F6EDE99A23FF}.Release|Any CPU.Build.0 = Release|Any CPU
		{934687E9-FD26-4F1F-8664-E956055EBC5B}.Debug|Any CPU.ActiveCfg = Debug|Any CPU
		{934687E9-FD26-4F1F-8664-E956055EBC5B}.Debug|Any CPU.Build.0 = Debug|Any CPU
		{934687E9-FD26-4F1F-8664-E956055EBC5B}.Release|Any CPU.ActiveCfg = Release|Any CPU
		{934687E9-FD26-4F1F-8664-E956055EBC5B}.Release|Any CPU.Build.0 = Release|Any CPU
		{43F3C89D-3831-4C87-8A6C-65648695BE53}.Debug|Any CPU.ActiveCfg = Debug|Any CPU
		{43F3C89D-3831-4C87-8A6C-65648695BE53}.Debug|Any CPU.Build.0 = Debug|Any CPU
		{43F3C89D-3831-4C87-8A6C-65648695BE53}.Release|Any CPU.ActiveCfg = Release|Any CPU
		{43F3C89D-3831-4C87-8A6C-65648695BE53}.Release|Any CPU.Build.0 = Release|Any CPU
		{7264FB8A-19B5-4227-95E4-2D5F49D1CF0A}.Debug|Any CPU.ActiveCfg = Debug|Any CPU
		{7264FB8A-19B5-4227-95E4-2D5F49D1CF0A}.Debug|Any CPU.Build.0 = Debug|Any CPU
		{7264FB8A-19B5-4227-95E4-2D5F49D1CF0A}.Release|Any CPU.ActiveCfg = Release|Any CPU
		{7264FB8A-19B5-4227-95E4-2D5F49D1CF0A}.Release|Any CPU.Build.0 = Release|Any CPU
		{8D1A9F99-954C-46D8-A889-EE3E51243F8E}.Debug|Any CPU.ActiveCfg = Debug|Any CPU
		{8D1A9F99-954C-46D8-A889-EE3E51243F8E}.Debug|Any CPU.Build.0 = Debug|Any CPU
		{8D1A9F99-954C-46D8-A889-EE3E51243F8E}.Release|Any CPU.ActiveCfg = Release|Any CPU
		{8D1A9F99-954C-46D8-A889-EE3E51243F8E}.Release|Any CPU.Build.0 = Release|Any CPU
		{177A4FEA-62D1-4EB9-B017-1A83B30B9629}.Debug|Any CPU.ActiveCfg = Debug|Any CPU
		{177A4FEA-62D1-4EB9-B017-1A83B30B9629}.Debug|Any CPU.Build.0 = Debug|Any CPU
		{177A4FEA-62D1-4EB9-B017-1A83B30B9629}.Release|Any CPU.ActiveCfg = Release|Any CPU
		{177A4FEA-62D1-4EB9-B017-1A83B30B9629}.Release|Any CPU.Build.0 = Release|Any CPU
		{1C13F61C-BDB2-40A2-BFAF-FE2D5FF8F113}.Debug|Any CPU.ActiveCfg = Debug|Any CPU
		{1C13F61C-BDB2-40A2-BFAF-FE2D5FF8F113}.Debug|Any CPU.Build.0 = Debug|Any CPU
		{1C13F61C-BDB2-40A2-BFAF-FE2D5FF8F113}.Release|Any CPU.ActiveCfg = Release|Any CPU
		{1C13F61C-BDB2-40A2-BFAF-FE2D5FF8F113}.Release|Any CPU.Build.0 = Release|Any CPU
		{0824EFE8-CCC0-426B-8A07-C357893869CD}.Debug|Any CPU.ActiveCfg = Debug|Any CPU
		{0824EFE8-CCC0-426B-8A07-C357893869CD}.Debug|Any CPU.Build.0 = Debug|Any CPU
		{0824EFE8-CCC0-426B-8A07-C357893869CD}.Release|Any CPU.ActiveCfg = Release|Any CPU
		{0824EFE8-CCC0-426B-8A07-C357893869CD}.Release|Any CPU.Build.0 = Release|Any CPU
		{E19A29EB-5269-4090-81FC-DBC8EE947B86}.Debug|Any CPU.ActiveCfg = Debug|Any CPU
		{E19A29EB-5269-4090-81FC-DBC8EE947B86}.Debug|Any CPU.Build.0 = Debug|Any CPU
		{E19A29EB-5269-4090-81FC-DBC8EE947B86}.Release|Any CPU.ActiveCfg = Release|Any CPU
		{E19A29EB-5269-4090-81FC-DBC8EE947B86}.Release|Any CPU.Build.0 = Release|Any CPU
		{3352AD15-FB78-46FE-A1EC-64D9B35E0967}.Debug|Any CPU.ActiveCfg = Debug|Any CPU
		{3352AD15-FB78-46FE-A1EC-64D9B35E0967}.Debug|Any CPU.Build.0 = Debug|Any CPU
		{3352AD15-FB78-46FE-A1EC-64D9B35E0967}.Release|Any CPU.ActiveCfg = Release|Any CPU
		{3352AD15-FB78-46FE-A1EC-64D9B35E0967}.Release|Any CPU.Build.0 = Release|Any CPU
	EndGlobalSection
	GlobalSection(SolutionProperties) = preSolution
		HideSolutionNode = FALSE
	EndGlobalSection
	GlobalSection(NestedProjects) = preSolution
		{F2E11897-C741-454B-82F6-D76CDAE4D8C4} = {6D4715DE-5FAD-44AA-B5C6-DA9F4D2C2CDB}
		{D270F38A-2C36-4BD7-90D4-9286C192FD47} = {6D4715DE-5FAD-44AA-B5C6-DA9F4D2C2CDB}
		{6D4715DE-5FAD-44AA-B5C6-DA9F4D2C2CDB} = {C36EE7D7-2200-4E2C-8308-CE23DAC4DC60}
		{AA4A7E0E-9F09-4291-B886-2F3E493D8D1D} = {C36EE7D7-2200-4E2C-8308-CE23DAC4DC60}
		{2D104DE6-9667-41AD-9FFB-F6EDE99A23FF} = {AA4A7E0E-9F09-4291-B886-2F3E493D8D1D}
		{934687E9-FD26-4F1F-8664-E956055EBC5B} = {AA4A7E0E-9F09-4291-B886-2F3E493D8D1D}
		{E33F869B-63D7-4B2C-8AB0-593092A84238} = {C36EE7D7-2200-4E2C-8308-CE23DAC4DC60}
		{43F3C89D-3831-4C87-8A6C-65648695BE53} = {E33F869B-63D7-4B2C-8AB0-593092A84238}
		{7264FB8A-19B5-4227-95E4-2D5F49D1CF0A} = {E33F869B-63D7-4B2C-8AB0-593092A84238}
		{DACF3C21-7DDA-4C6B-9EBB-3B694DA08E76} = {9D20F1E5-F86D-4A90-9880-D82BBE7F325C}
		{8D1A9F99-954C-46D8-A889-EE3E51243F8E} = {DACF3C21-7DDA-4C6B-9EBB-3B694DA08E76}
		{177A4FEA-62D1-4EB9-B017-1A83B30B9629} = {DACF3C21-7DDA-4C6B-9EBB-3B694DA08E76}
		{46B08628-58A6-4363-A848-42EF12848BD5} = {9D20F1E5-F86D-4A90-9880-D82BBE7F325C}
		{1C13F61C-BDB2-40A2-BFAF-FE2D5FF8F113} = {46B08628-58A6-4363-A848-42EF12848BD5}
		{0824EFE8-CCC0-426B-8A07-C357893869CD} = {46B08628-58A6-4363-A848-42EF12848BD5}
		{D64C92E6-1162-4B31-A02C-94249989CF55} = {9D20F1E5-F86D-4A90-9880-D82BBE7F325C}
		{E19A29EB-5269-4090-81FC-DBC8EE947B86} = {D64C92E6-1162-4B31-A02C-94249989CF55}
		{3352AD15-FB78-46FE-A1EC-64D9B35E0967} = {D64C92E6-1162-4B31-A02C-94249989CF55}
	EndGlobalSection
	GlobalSection(ExtensibilityGlobals) = postSolution
		SolutionGuid = {AF97A64E-009E-4BE8-B8EF-43FE2BA0C4C4}
	EndGlobalSection
EndGlobal
